
Microsoft Visual Studio Solution File, Format Version 12.00
# Visual Studio 15
VisualStudioVersion = 15.0.26730.16
MinimumVisualStudioVersion = 10.0.40219.1
Project("{FAE04EC0-301F-11D3-BF4B-00C04F79EFBC}") = "GijosLaboratorinis", "GijosLaboratorinis\GijosLaboratorinis.csproj", "{72B2A64A-17F0-440A-87AB-EDE9558ED73E}"
EndProject
Global
	GlobalSection(SolutionConfigurationPlatforms) = preSolution
		Debug|Any CPU = Debug|Any CPU
		Release|Any CPU = Release|Any CPU
	EndGlobalSection
	GlobalSection(ProjectConfigurationPlatforms) = postSolution
		{72B2A64A-17F0-440A-87AB-EDE9558ED73E}.Debug|Any CPU.ActiveCfg = Debug|Any CPU
		{72B2A64A-17F0-440A-87AB-EDE9558ED73E}.Debug|Any CPU.Build.0 = Debug|Any CPU
		{72B2A64A-17F0-440A-87AB-EDE9558ED73E}.Release|Any CPU.ActiveCfg = Release|Any CPU
		{72B2A64A-17F0-440A-87AB-EDE9558ED73E}.Release|Any CPU.Build.0 = Release|Any CPU
	EndGlobalSection
	GlobalSection(SolutionProperties) = preSolution
		HideSolutionNode = FALSE
	EndGlobalSection
	GlobalSection(ExtensibilityGlobals) = postSolution
		SolutionGuid = {82EC3055-DB90-4519-AAF3-951016D529D4}
	EndGlobalSection
EndGlobal
